
Microsoft Visual Studio Solution File, Format Version 12.00
# Visual Studio 15
VisualStudioVersion = 15.0.28307.1082
MinimumVisualStudioVersion = 10.0.40219.1
Project("{FAE04EC0-301F-11D3-BF4B-00C04F79EFBC}") = "OpenCamera", "OpenCamera\OpenCamera.csproj", "{CCE1CA09-8A14-4AC3-B1B0-B884613A9408}"
EndProject
Global
	GlobalSection(SolutionConfigurationPlatforms) = preSolution
		Debug|Any CPU = Debug|Any CPU
		Debug|x64 = Debug|x64
		Release|Any CPU = Release|Any CPU
		Release|x64 = Release|x64
	EndGlobalSection
	GlobalSection(ProjectConfigurationPlatforms) = postSolution
		{CCE1CA09-8A14-4AC3-B1B0-B884613A9408}.Debug|Any CPU.ActiveCfg = Debug|Any CPU
		{CCE1CA09-8A14-4AC3-B1B0-B884613A9408}.Debug|Any CPU.Build.0 = Debug|Any CPU
		{CCE1CA09-8A14-4AC3-B1B0-B884613A9408}.Debug|x64.ActiveCfg = Debug|x64
		{CCE1CA09-8A14-4AC3-B1B0-B884613A9408}.Debug|x64.Build.0 = Debug|x64
		{CCE1CA09-8A14-4AC3-B1B0-B884613A9408}.Release|Any CPU.ActiveCfg = Release|Any CPU
		{CCE1CA09-8A14-4AC3-B1B0-B884613A9408}.Release|Any CPU.Build.0 = Release|Any CPU
		{CCE1CA09-8A14-4AC3-B1B0-B884613A9408}.Release|x64.ActiveCfg = Release|x64
		{CCE1CA09-8A14-4AC3-B1B0-B884613A9408}.Release|x64.Build.0 = Release|x64
	EndGlobalSection
	GlobalSection(SolutionProperties) = preSolution
		HideSolutionNode = FALSE
	EndGlobalSection
	GlobalSection(ExtensibilityGlobals) = postSolution
		SolutionGuid = {1BAA1700-8290-4798-8311-DFB26305AC20}
	EndGlobalSection
EndGlobal
